// !$*UTF8*$!
{
	archiveVersion = 1;
	classes = {
	};
	objectVersion = 51;
	objects = {

/* Begin PBXBuildFile section */
		8F7D051492A48974A7FA34E0 /* Pods_GithubSearch_Prac.framework in Frameworks */ = {isa = PBXBuildFile; fileRef = 856920AE5A71B5F2ECB50F77 /* Pods_GithubSearch_Prac.framework */; };
		ABB8D935248CA66D00E391E0 /* AppDelegate.swift in Sources */ = {isa = PBXBuildFile; fileRef = ABB8D934248CA66D00E391E0 /* AppDelegate.swift */; };
		ABB8D937248CA66D00E391E0 /* SceneDelegate.swift in Sources */ = {isa = PBXBuildFile; fileRef = ABB8D936248CA66D00E391E0 /* SceneDelegate.swift */; };
		ABB8D939248CA66D00E391E0 /* ViewController.swift in Sources */ = {isa = PBXBuildFile; fileRef = ABB8D938248CA66D00E391E0 /* ViewController.swift */; };
		ABB8D93E248CA66F00E391E0 /* Assets.xcassets in Resources */ = {isa = PBXBuildFile; fileRef = ABB8D93D248CA66F00E391E0 /* Assets.xcassets */; };
		ABB8D949248CA8CB00E391E0 /* GithubSearchViewReactor.swift in Sources */ = {isa = PBXBuildFile; fileRef = ABB8D948248CA8CB00E391E0 /* GithubSearchViewReactor.swift */; };
/* End PBXBuildFile section */

/* Begin PBXFileReference section */
		5960A8C39E83F19C5E6FE655 /* Pods-GithubSearch-Prac.release.xcconfig */ = {isa = PBXFileReference; includeInIndex = 1; lastKnownFileType = text.xcconfig; name = "Pods-GithubSearch-Prac.release.xcconfig"; path = "Target Support Files/Pods-GithubSearch-Prac/Pods-GithubSearch-Prac.release.xcconfig"; sourceTree = "<group>"; };
		635CA51AC39129E8CD333AE2 /* Pods-GithubSearch-Prac.debug.xcconfig */ = {isa = PBXFileReference; includeInIndex = 1; lastKnownFileType = text.xcconfig; name = "Pods-GithubSearch-Prac.debug.xcconfig"; path = "Target Support Files/Pods-GithubSearch-Prac/Pods-GithubSearch-Prac.debug.xcconfig"; sourceTree = "<group>"; };
		856920AE5A71B5F2ECB50F77 /* Pods_GithubSearch_Prac.framework */ = {isa = PBXFileReference; explicitFileType = wrapper.framework; includeInIndex = 0; path = Pods_GithubSearch_Prac.framework; sourceTree = BUILT_PRODUCTS_DIR; };
		ABB8D931248CA66D00E391E0 /* GithubSearch-Prac.app */ = {isa = PBXFileReference; explicitFileType = wrapper.application; includeInIndex = 0; path = "GithubSearch-Prac.app"; sourceTree = BUILT_PRODUCTS_DIR; };
		ABB8D934248CA66D00E391E0 /* AppDelegate.swift */ = {isa = PBXFileReference; lastKnownFileType = sourcecode.swift; path = AppDelegate.swift; sourceTree = "<group>"; };
		ABB8D936248CA66D00E391E0 /* SceneDelegate.swift */ = {isa = PBXFileReference; lastKnownFileType = sourcecode.swift; path = SceneDelegate.swift; sourceTree = "<group>"; };
		ABB8D938248CA66D00E391E0 /* ViewController.swift */ = {isa = PBXFileReference; lastKnownFileType = sourcecode.swift; path = ViewController.swift; sourceTree = "<group>"; };
		ABB8D93D248CA66F00E391E0 /* Assets.xcassets */ = {isa = PBXFileReference; lastKnownFileType = folder.assetcatalog; path = Assets.xcassets; sourceTree = "<group>"; };
		ABB8D942248CA66F00E391E0 /* Info.plist */ = {isa = PBXFileReference; lastKnownFileType = text.plist.xml; path = Info.plist; sourceTree = "<group>"; };
		ABB8D948248CA8CB00E391E0 /* GithubSearchViewReactor.swift */ = {isa = PBXFileReference; lastKnownFileType = sourcecode.swift; path = GithubSearchViewReactor.swift; sourceTree = "<group>"; };
/* End PBXFileReference section */

/* Begin PBXFrameworksBuildPhase section */
		ABB8D92E248CA66D00E391E0 /* Frameworks */ = {
			isa = PBXFrameworksBuildPhase;
			buildActionMask = 2147483647;
			files = (
				8F7D051492A48974A7FA34E0 /* Pods_GithubSearch_Prac.framework in Frameworks */,
			);
			runOnlyForDeploymentPostprocessing = 0;
		};
/* End PBXFrameworksBuildPhase section */

/* Begin PBXGroup section */
		073B9F47C21D2B30FAD7669E /* Frameworks */ = {
			isa = PBXGroup;
			children = (
				856920AE5A71B5F2ECB50F77 /* Pods_GithubSearch_Prac.framework */,
			);
			name = Frameworks;
			sourceTree = "<group>";
		};
		ABB8D928248CA66D00E391E0 = {
			isa = PBXGroup;
			children = (
				ABB8D933248CA66D00E391E0 /* GithubSearch-Prac */,
				ABB8D932248CA66D00E391E0 /* Products */,
				EFBA25594F8EDDEF70E0B211 /* Pods */,
				073B9F47C21D2B30FAD7669E /* Frameworks */,
			);
			sourceTree = "<group>";
		};
		ABB8D932248CA66D00E391E0 /* Products */ = {
			isa = PBXGroup;
			children = (
				ABB8D931248CA66D00E391E0 /* GithubSearch-Prac.app */,
			);
			name = Products;
			sourceTree = "<group>";
		};
		ABB8D933248CA66D00E391E0 /* GithubSearch-Prac */ = {
			isa = PBXGroup;
			children = (
				ABB8D934248CA66D00E391E0 /* AppDelegate.swift */,
				ABB8D936248CA66D00E391E0 /* SceneDelegate.swift */,
				ABB8D938248CA66D00E391E0 /* ViewController.swift */,
				ABB8D93D248CA66F00E391E0 /* Assets.xcassets */,
				ABB8D942248CA66F00E391E0 /* Info.plist */,
				ABB8D948248CA8CB00E391E0 /* GithubSearchViewReactor.swift */,
			);
			path = "GithubSearch-Prac";
			sourceTree = "<group>";
		};
		EFBA25594F8EDDEF70E0B211 /* Pods */ = {
			isa = PBXGroup;
			children = (
				635CA51AC39129E8CD333AE2 /* Pods-GithubSearch-Prac.debug.xcconfig */,
				5960A8C39E83F19C5E6FE655 /* Pods-GithubSearch-Prac.release.xcconfig */,
			);
			path = Pods;
			sourceTree = "<group>";
		};
/* End PBXGroup section */

/* Begin PBXNativeTarget section */
		ABB8D930248CA66D00E391E0 /* GithubSearch-Prac */ = {
			isa = PBXNativeTarget;
			buildConfigurationList = ABB8D945248CA66F00E391E0 /* Build configuration list for PBXNativeTarget "GithubSearch-Prac" */;
			buildPhases = (
				A9BE3BA24A7DAACFA6E55FDE /* [CP] Check Pods Manifest.lock */,
				ABB8D92D248CA66D00E391E0 /* Sources */,
				ABB8D92E248CA66D00E391E0 /* Frameworks */,
				ABB8D92F248CA66D00E391E0 /* Resources */,
				9F8A81BA7B4E72114E3CA171 /* [CP] Embed Pods Frameworks */,
			);
			buildRules = (
			);
			dependencies = (
			);
			name = "GithubSearch-Prac";
			productName = "GithubSearch-Prac";
			productReference = ABB8D931248CA66D00E391E0 /* GithubSearch-Prac.app */;
			productType = "com.apple.product-type.application";
		};
/* End PBXNativeTarget section */

/* Begin PBXProject section */
		ABB8D929248CA66D00E391E0 /* Project object */ = {
			isa = PBXProject;
			attributes = {
				LastSwiftUpdateCheck = 1150;
				LastUpgradeCheck = 1150;
				ORGANIZATIONNAME = swmaestro10th;
				TargetAttributes = {
					ABB8D930248CA66D00E391E0 = {
						CreatedOnToolsVersion = 11.5;
					};
				};
			};
			buildConfigurationList = ABB8D92C248CA66D00E391E0 /* Build configuration list for PBXProject "GithubSearch-Prac" */;
			compatibilityVersion = "Xcode 9.3";
			developmentRegion = en;
			hasScannedForEncodings = 0;
			knownRegions = (
				en,
				Base,
			);
			mainGroup = ABB8D928248CA66D00E391E0;
			productRefGroup = ABB8D932248CA66D00E391E0 /* Products */;
			projectDirPath = "";
			projectRoot = "";
			targets = (
				ABB8D930248CA66D00E391E0 /* GithubSearch-Prac */,
			);
		};
/* End PBXProject section */

/* Begin PBXResourcesBuildPhase section */
		ABB8D92F248CA66D00E391E0 /* Resources */ = {
			isa = PBXResourcesBuildPhase;
			buildActionMask = 2147483647;
			files = (
				ABB8D93E248CA66F00E391E0 /* Assets.xcassets in Resources */,
			);
			runOnlyForDeploymentPostprocessing = 0;
		};
/* End PBXResourcesBuildPhase section */

/* Begin PBXShellScriptBuildPhase section */
		9F8A81BA7B4E72114E3CA171 /* [CP] Embed Pods Frameworks */ = {
			isa = PBXShellScriptBuildPhase;
			buildActionMask = 2147483647;
			files = (
			);
			inputFileListPaths = (
				"${PODS_ROOT}/Target Support Files/Pods-GithubSearch-Prac/Pods-GithubSearch-Prac-frameworks-${CONFIGURATION}-input-files.xcfilelist",
			);
			name = "[CP] Embed Pods Frameworks";
			outputFileListPaths = (
				"${PODS_ROOT}/Target Support Files/Pods-GithubSearch-Prac/Pods-GithubSearch-Prac-frameworks-${CONFIGURATION}-output-files.xcfilelist",
			);
			runOnlyForDeploymentPostprocessing = 0;
			shellPath = /bin/sh;
			shellScript = "\"${PODS_ROOT}/Target Support Files/Pods-GithubSearch-Prac/Pods-GithubSearch-Prac-frameworks.sh\"\n";
			showEnvVarsInLog = 0;
		};
		A9BE3BA24A7DAACFA6E55FDE /* [CP] Check Pods Manifest.lock */ = {
			isa = PBXShellScriptBuildPhase;
			buildActionMask = 2147483647;
			files = (
			);
			inputFileListPaths = (
			);
			inputPaths = (
				"${PODS_PODFILE_DIR_PATH}/Podfile.lock",
				"${PODS_ROOT}/Manifest.lock",
			);
			name = "[CP] Check Pods Manifest.lock";
			outputFileListPaths = (
			);
			outputPaths = (
				"$(DERIVED_FILE_DIR)/Pods-GithubSearch-Prac-checkManifestLockResult.txt",
			);
			runOnlyForDeploymentPostprocessing = 0;
			shellPath = /bin/sh;
			shellScript = "diff \"${PODS_PODFILE_DIR_PATH}/Podfile.lock\" \"${PODS_ROOT}/Manifest.lock\" > /dev/null\nif [ $? != 0 ] ; then\n    # print error to STDERR\n    echo \"error: The sandbox is not in sync with the Podfile.lock. Run 'pod install' or update your CocoaPods installation.\" >&2\n    exit 1\nfi\n# This output is used by Xcode 'outputs' to avoid re-running this script phase.\necho \"SUCCESS\" > \"${SCRIPT_OUTPUT_FILE_0}\"\n";
			showEnvVarsInLog = 0;
		};
/* End PBXShellScriptBuildPhase section */

/* Begin PBXSourcesBuildPhase section */
		ABB8D92D248CA66D00E391E0 /* Sources */ = {
			isa = PBXSourcesBuildPhase;
			buildActionMask = 2147483647;
			files = (
				ABB8D949248CA8CB00E391E0 /* GithubSearchViewReactor.swift in Sources */,
				ABB8D939248CA66D00E391E0 /* ViewController.swift in Sources */,
				ABB8D935248CA66D00E391E0 /* AppDelegate.swift in Sources */,
				ABB8D937248CA66D00E391E0 /* SceneDelegate.swift in Sources */,
			);
			runOnlyForDeploymentPostprocessing = 0;
		};
/* End PBXSourcesBuildPhase section */

/* Begin XCBuildConfiguration section */
		ABB8D943248CA66F00E391E0 /* Debug */ = {
			isa = XCBuildConfiguration;
			buildSettings = {
				ALWAYS_SEARCH_USER_PATHS = NO;
				CLANG_ANALYZER_NONNULL = YES;
				CLANG_ANALYZER_NUMBER_OBJECT_CONVERSION = YES_AGGRESSIVE;
				CLANG_CXX_LANGUAGE_STANDARD = "gnu++14";
				CLANG_CXX_LIBRARY = "libc++";
				CLANG_ENABLE_MODULES = YES;
				CLANG_ENABLE_OBJC_ARC = YES;
				CLANG_ENABLE_OBJC_WEAK = YES;
				CLANG_WARN_BLOCK_CAPTURE_AUTORELEASING = YES;
				CLANG_WARN_BOOL_CONVERSION = YES;
				CLANG_WARN_COMMA = YES;
				CLANG_WARN_CONSTANT_CONVERSION = YES;
				CLANG_WARN_DEPRECATED_OBJC_IMPLEMENTATIONS = YES;
				CLANG_WARN_DIRECT_OBJC_ISA_USAGE = YES_ERROR;
				CLANG_WARN_DOCUMENTATION_COMMENTS = YES;
				CLANG_WARN_EMPTY_BODY = YES;
				CLANG_WARN_ENUM_CONVERSION = YES;
				CLANG_WARN_INFINITE_RECURSION = YES;
				CLANG_WARN_INT_CONVERSION = YES;
				CLANG_WARN_NON_LITERAL_NULL_CONVERSION = YES;
				CLANG_WARN_OBJC_IMPLICIT_RETAIN_SELF = YES;
				CLANG_WARN_OBJC_LITERAL_CONVERSION = YES;
				CLANG_WARN_OBJC_ROOT_CLASS = YES_ERROR;
				CLANG_WARN_RANGE_LOOP_ANALYSIS = YES;
				CLANG_WARN_STRICT_PROTOTYPES = YES;
				CLANG_WARN_SUSPICIOUS_MOVE = YES;
				CLANG_WARN_UNGUARDED_AVAILABILITY = YES_AGGRESSIVE;
				CLANG_WARN_UNREACHABLE_CODE = YES;
				CLANG_WARN__DUPLICATE_METHOD_MATCH = YES;
				COPY_PHASE_STRIP = NO;
				DEBUG_INFORMATION_FORMAT = dwarf;
				ENABLE_STRICT_OBJC_MSGSEND = YES;
				ENABLE_TESTABILITY = YES;
				GCC_C_LANGUAGE_STANDARD = gnu11;
				GCC_DYNAMIC_NO_PIC = NO;
				GCC_NO_COMMON_BLOCKS = YES;
				GCC_OPTIMIZATION_LEVEL = 0;
				GCC_PREPROCESSOR_DEFINITIONS = (
					"DEBUG=1",
					"$(inherited)",
				);
				GCC_WARN_64_TO_32_BIT_CONVERSION = YES;
				GCC_WARN_ABOUT_RETURN_TYPE = YES_ERROR;
				GCC_WARN_UNDECLARED_SELECTOR = YES;
				GCC_WARN_UNINITIALIZED_AUTOS = YES_AGGRESSIVE;
				GCC_WARN_UNUSED_FUNCTION = YES;
				GCC_WARN_UNUSED_VARIABLE = YES;
				IPHONEOS_DEPLOYMENT_TARGET = 13.5;
				MTL_ENABLE_DEBUG_INFO = INCLUDE_SOURCE;
				MTL_FAST_MATH = YES;
				ONLY_ACTIVE_ARCH = YES;
				SDKROOT = iphoneos;
				SWIFT_ACTIVE_COMPILATION_CONDITIONS = DEBUG;
				SWIFT_OPTIMIZATION_LEVEL = "-Onone";
			};
			name = Debug;
		};
		ABB8D944248CA66F00E391E0 /* Release */ = {
			isa = XCBuildConfiguration;
			buildSettings = {
				ALWAYS_SEARCH_USER_PATHS = NO;
				CLANG_ANALYZER_NONNULL = YES;
				CLANG_ANALYZER_NUMBER_OBJECT_CONVERSION = YES_AGGRESSIVE;
				CLANG_CXX_LANGUAGE_STANDARD = "gnu++14";
				CLANG_CXX_LIBRARY = "libc++";
				CLANG_ENABLE_MODULES = YES;
				CLANG_ENABLE_OBJC_ARC = YES;
				CLANG_ENABLE_OBJC_WEAK = YES;
				CLANG_WARN_BLOCK_CAPTURE_AUTORELEASING = YES;
				CLANG_WARN_BOOL_CONVERSION = YES;
				CLANG_WARN_COMMA = YES;
				CLANG_WARN_CONSTANT_CONVERSION = YES;
				CLANG_WARN_DEPRECATED_OBJC_IMPLEMENTATIONS = YES;
				CLANG_WARN_DIRECT_OBJC_ISA_USAGE = YES_ERROR;
				CLANG_WARN_DOCUMENTATION_COMMENTS = YES;
				CLANG_WARN_EMPTY_BODY = YES;
				CLANG_WARN_ENUM_CONVERSION = YES;
				CLANG_WARN_INFINITE_RECURSION = YES;
				CLANG_WARN_INT_CONVERSION = YES;
				CLANG_WARN_NON_LITERAL_NULL_CONVERSION = YES;
				CLANG_WARN_OBJC_IMPLICIT_RETAIN_SELF = YES;
				CLANG_WARN_OBJC_LITERAL_CONVERSION = YES;
				CLANG_WARN_OBJC_ROOT_CLASS = YES_ERROR;
				CLANG_WARN_RANGE_LOOP_ANALYSIS = YES;
				CLANG_WARN_STRICT_PROTOTYPES = YES;
				CLANG_WARN_SUSPICIOUS_MOVE = YES;
				CLANG_WARN_UNGUARDED_AVAILABILITY = YES_AGGRESSIVE;
				CLANG_WARN_UNREACHABLE_CODE = YES;
				CLANG_WARN__DUPLICATE_METHOD_MATCH = YES;
				COPY_PHASE_STRIP = NO;
				DEBUG_INFORMATION_FORMAT = "dwarf-with-dsym";
				ENABLE_NS_ASSERTIONS = NO;
				ENABLE_STRICT_OBJC_MSGSEND = YES;
				GCC_C_LANGUAGE_STANDARD = gnu11;
				GCC_NO_COMMON_BLOCKS = YES;
				GCC_WARN_64_TO_32_BIT_CONVERSION = YES;
				GCC_WARN_ABOUT_RETURN_TYPE = YES_ERROR;
				GCC_WARN_UNDECLARED_SELECTOR = YES;
				GCC_WARN_UNINITIALIZED_AUTOS = YES_AGGRESSIVE;
				GCC_WARN_UNUSED_FUNCTION = YES;
				GCC_WARN_UNUSED_VARIABLE = YES;
				IPHONEOS_DEPLOYMENT_TARGET = 13.5;
				MTL_ENABLE_DEBUG_INFO = NO;
				MTL_FAST_MATH = YES;
				SDKROOT = iphoneos;
				SWIFT_COMPILATION_MODE = wholemodule;
				SWIFT_OPTIMIZATION_LEVEL = "-O";
				VALIDATE_PRODUCT = YES;
			};
			name = Release;
		};
		ABB8D946248CA66F00E391E0 /* Debug */ = {
			isa = XCBuildConfiguration;
			baseConfigurationReference = 635CA51AC39129E8CD333AE2 /* Pods-GithubSearch-Prac.debug.xcconfig */;
			buildSettings = {
				ASSETCATALOG_COMPILER_APPICON_NAME = AppIcon;
				CODE_SIGN_STYLE = Automatic;
				DEVELOPMENT_TEAM = SYZM4D2Z3D;
				INFOPLIST_FILE = "GithubSearch-Prac/Info.plist";
				LD_RUNPATH_SEARCH_PATHS = (
					"$(inherited)",
					"@executable_path/Frameworks",
				);
				PRODUCT_BUNDLE_IDENTIFIER = "swmaestro10th.GithubSearch-Prac";
				PRODUCT_NAME = "$(TARGET_NAME)";
				SWIFT_VERSION = 5.0;
				TARGETED_DEVICE_FAMILY = "1,2";
			};
			name = Debug;
		};
		ABB8D947248CA66F00E391E0 /* Release */ = {
			isa = XCBuildConfiguration;
			baseConfigurationReference = 5960A8C39E83F19C5E6FE655 /* Pods-GithubSearch-Prac.release.xcconfig */;
			buildSettings = {
				ASSETCATALOG_COMPILER_APPICON_NAME = AppIcon;
				CODE_SIGN_STYLE = Automatic;
				DEVELOPMENT_TEAM = SYZM4D2Z3D;
				INFOPLIST_FILE = "GithubSearch-Prac/Info.plist";
				LD_RUNPATH_SEARCH_PATHS = (
					"$(inherited)",
					"@executable_path/Frameworks",
				);
				PRODUCT_BUNDLE_IDENTIFIER = "swmaestro10th.GithubSearch-Prac";
				PRODUCT_NAME = "$(TARGET_NAME)";
				SWIFT_VERSION = 5.0;
				TARGETED_DEVICE_FAMILY = "1,2";
			};
			name = Release;
		};
/* End XCBuildConfiguration section */

/* Begin XCConfigurationList section */
		ABB8D92C248CA66D00E391E0 /* Build configuration list for PBXProject "GithubSearch-Prac" */ = {
			isa = XCConfigurationList;
			buildConfigurations = (
				ABB8D943248CA66F00E391E0 /* Debug */,
				ABB8D944248CA66F00E391E0 /* Release */,
			);
			defaultConfigurationIsVisible = 0;
			defaultConfigurationName = Release;
		};
		ABB8D945248CA66F00E391E0 /* Build configuration list for PBXNativeTarget "GithubSearch-Prac" */ = {
			isa = XCConfigurationList;
			buildConfigurations = (
				ABB8D946248CA66F00E391E0 /* Debug */,
				ABB8D947248CA66F00E391E0 /* Release */,
			);
			defaultConfigurationIsVisible = 0;
			defaultConfigurationName = Release;
		};
/* End XCConfigurationList section */
	};
	rootObject = ABB8D929248CA66D00E391E0 /* Project object */;
}
